// !$*UTF8*$!
{
	archiveVersion = 1;
	classes = {
	};
	objectVersion = 52;
	objects = {

/* Begin PBXBuildFile section */
		0E032D3225E7A2DE00AB1165 /* TrajectoryComponent.swift in Sources */ = {isa = PBXBuildFile; fileRef = 0E032D3125E7A2DE00AB1165 /* TrajectoryComponent.swift */; };
		0E032D3625E7A31700AB1165 /* TrajectorySystem.swift in Sources */ = {isa = PBXBuildFile; fileRef = 0E032D3525E7A31700AB1165 /* TrajectorySystem.swift */; };
		0E08491F25BD19F9004CE733 /* PeggleApp.swift in Sources */ = {isa = PBXBuildFile; fileRef = 0E08491E25BD19F9004CE733 /* PeggleApp.swift */; };
		0E08492325BD19FC004CE733 /* Assets.xcassets in Resources */ = {isa = PBXBuildFile; fileRef = 0E08492225BD19FC004CE733 /* Assets.xcassets */; };
		0E08492625BD19FC004CE733 /* Preview Assets.xcassets in Resources */ = {isa = PBXBuildFile; fileRef = 0E08492525BD19FC004CE733 /* Preview Assets.xcassets */; };
		0E08495525BD2680004CE733 /* GRDB in Frameworks */ = {isa = PBXBuildFile; productRef = 0E08495425BD2680004CE733 /* GRDB */; };
		0E08495E25BD2724004CE733 /* AppDatabase.swift in Sources */ = {isa = PBXBuildFile; fileRef = 0E08495D25BD2724004CE733 /* AppDatabase.swift */; };
		0E152C1525EA32180098E288 /* MainMenuView.swift in Sources */ = {isa = PBXBuildFile; fileRef = 0E152C1425EA32180098E288 /* MainMenuView.swift */; };
		0E152C1925EA322B0098E288 /* MainMenuViewModel.swift in Sources */ = {isa = PBXBuildFile; fileRef = 0E152C1825EA322B0098E288 /* MainMenuViewModel.swift */; };
		0E152C2125EA4F300098E288 /* LevelSelectView.swift in Sources */ = {isa = PBXBuildFile; fileRef = 0E152C2025EA4F300098E288 /* LevelSelectView.swift */; };
		0E152C2525EA4F560098E288 /* LevelSelectViewModel.swift in Sources */ = {isa = PBXBuildFile; fileRef = 0E152C2425EA4F560098E288 /* LevelSelectViewModel.swift */; };
		0E152C2D25EA62EB0098E288 /* Level.swift in Sources */ = {isa = PBXBuildFile; fileRef = 0E152C2C25EA62EB0098E288 /* Level.swift */; };
		0E152C3325EA956E0098E288 /* AnyShape.swift in Sources */ = {isa = PBXBuildFile; fileRef = 0E152C3225EA956E0098E288 /* AnyShape.swift */; };
		0E152C3925EAA8CB0098E288 /* ScoreComponent.swift in Sources */ = {isa = PBXBuildFile; fileRef = 0E152C3825EAA8CB0098E288 /* ScoreComponent.swift */; };
		0E152C3D25EAA9BA0098E288 /* ScoreSystem.swift in Sources */ = {isa = PBXBuildFile; fileRef = 0E152C3C25EAA9BA0098E288 /* ScoreSystem.swift */; };
		0E18E20725D627C400A2B74A /* Component.swift in Sources */ = {isa = PBXBuildFile; fileRef = 0E18E20625D627C400A2B74A /* Component.swift */; };
		0E18E21125D628F600A2B74A /* RenderComponent.swift in Sources */ = {isa = PBXBuildFile; fileRef = 0E18E21025D628F600A2B74A /* RenderComponent.swift */; };
		0E18E21525D6296600A2B74A /* PhysicsComponent.swift in Sources */ = {isa = PBXBuildFile; fileRef = 0E18E21425D6296600A2B74A /* PhysicsComponent.swift */; };
		0E18E22225D635EE00A2B74A /* System.swift in Sources */ = {isa = PBXBuildFile; fileRef = 0E18E22125D635EE00A2B74A /* System.swift */; };
		0E18E23825D640F300A2B74A /* Entity.swift in Sources */ = {isa = PBXBuildFile; fileRef = 0E18E23725D640F300A2B74A /* Entity.swift */; };
		0E18E23E25D6412200A2B74A /* EntityManager.swift in Sources */ = {isa = PBXBuildFile; fileRef = 0E18E23D25D6412200A2B74A /* EntityManager.swift */; };
		0E2061F925D03EB4004DF11C /* PhysicsBody.swift in Sources */ = {isa = PBXBuildFile; fileRef = 0E2061F825D03EB4004DF11C /* PhysicsBody.swift */; };
		0E20620725D048CC004DF11C /* PhysicsWorld.swift in Sources */ = {isa = PBXBuildFile; fileRef = 0E20620625D048CC004DF11C /* PhysicsWorld.swift */; };
		0E22A94A25BD2CDC002441A5 /* LevelRecord.swift in Sources */ = {isa = PBXBuildFile; fileRef = 0E22A94925BD2CDC002441A5 /* LevelRecord.swift */; };
		0E22A95425BD4FC0002441A5 /* AppDatabase+Persistence.swift in Sources */ = {isa = PBXBuildFile; fileRef = 0E22A95325BD4FC0002441A5 /* AppDatabase+Persistence.swift */; };
		0E2A452525BDC56800B0DCA7 /* LevelEditorView.swift in Sources */ = {isa = PBXBuildFile; fileRef = 0E2A452425BDC56800B0DCA7 /* LevelEditorView.swift */; };
		0E2A452D25BDE62100B0DCA7 /* PegRecord.swift in Sources */ = {isa = PBXBuildFile; fileRef = 0E2A452C25BDE62100B0DCA7 /* PegRecord.swift */; };
		0E2A454025BFEABA00B0DCA7 /* LevelEditorViewModel.swift in Sources */ = {isa = PBXBuildFile; fileRef = 0E2A453F25BFEABA00B0DCA7 /* LevelEditorViewModel.swift */; };
		0E3BB28325E0DEBE0021A9F6 /* PhysicsSystem.swift in Sources */ = {isa = PBXBuildFile; fileRef = 0E3BB28225E0DEBE0021A9F6 /* PhysicsSystem.swift */; };
		0E3D4C9F25D9626600C3E8FB /* PhysicsBodyTests.swift in Sources */ = {isa = PBXBuildFile; fileRef = 0E3D4C9E25D9626600C3E8FB /* PhysicsBodyTests.swift */; };
		0E61D57525D6CCE70091D9D0 /* AimComponent.swift in Sources */ = {isa = PBXBuildFile; fileRef = 0E61D57425D6CCE70091D9D0 /* AimComponent.swift */; };
		0E61D57B25D6CD2F0091D9D0 /* AimSystem.swift in Sources */ = {isa = PBXBuildFile; fileRef = 0E61D57A25D6CD2F0091D9D0 /* AimSystem.swift */; };
		0E6D679B25D64C9D0096FE5B /* GameRenderer.swift in Sources */ = {isa = PBXBuildFile; fileRef = 0E6D679A25D64C9D0096FE5B /* GameRenderer.swift */; };
		0E6F76FB25D6642100E4C8B8 /* GameEngine.swift in Sources */ = {isa = PBXBuildFile; fileRef = 0E6F76FA25D6642100E4C8B8 /* GameEngine.swift */; };
		0E6F771725D6B7E900E4C8B8 /* EntityFactory.swift in Sources */ = {isa = PBXBuildFile; fileRef = 0E6F771625D6B7E900E4C8B8 /* EntityFactory.swift */; };
		0E85317825C30034008B012D /* CGPoint+Extensions.swift in Sources */ = {isa = PBXBuildFile; fileRef = 0E85317725C30034008B012D /* CGPoint+Extensions.swift */; };
		0E8531E525C5A14F008B012D /* LevelRecordTests.swift in Sources */ = {isa = PBXBuildFile; fileRef = 0E8531E425C5A14F008B012D /* LevelRecordTests.swift */; };
		0E8531EA25C5C464008B012D /* PegRecordTests.swift in Sources */ = {isa = PBXBuildFile; fileRef = 0E8531E925C5C463008B012D /* PegRecordTests.swift */; };
		0E8531F525C5CC1C008B012D /* AppDatabaseTests.swift in Sources */ = {isa = PBXBuildFile; fileRef = 0E8531F425C5CC1C008B012D /* AppDatabaseTests.swift */; };
		0E892B2825E51522005573EF /* OscillateComponent.swift in Sources */ = {isa = PBXBuildFile; fileRef = 0E892B2725E51522005573EF /* OscillateComponent.swift */; };
		0E892B2C25E518C7005573EF /* OscillateSystem.swift in Sources */ = {isa = PBXBuildFile; fileRef = 0E892B2B25E518C7005573EF /* OscillateSystem.swift */; };
		0E892B3225E581E3005573EF /* PowerComponent.swift in Sources */ = {isa = PBXBuildFile; fileRef = 0E892B3125E581E3005573EF /* PowerComponent.swift */; };
		0E892B3825E58281005573EF /* PowerSystem.swift in Sources */ = {isa = PBXBuildFile; fileRef = 0E892B3725E58281005573EF /* PowerSystem.swift */; };
		0E892B4425E69EBE005573EF /* ClearComponent.swift in Sources */ = {isa = PBXBuildFile; fileRef = 0E892B4325E69EBE005573EF /* ClearComponent.swift */; };
		0E892B4825E69EDC005573EF /* ClearSystem.swift in Sources */ = {isa = PBXBuildFile; fileRef = 0E892B4725E69EDC005573EF /* ClearSystem.swift */; };
		0EA3451625BDB53000DD1BBB /* LevelEditorListViewModel.swift in Sources */ = {isa = PBXBuildFile; fileRef = 0EA3451525BDB53000DD1BBB /* LevelEditorListViewModel.swift */; };
		0EA3451B25BDBFA000DD1BBB /* LevelEditorListView.swift in Sources */ = {isa = PBXBuildFile; fileRef = 0EA3451A25BDBFA000DD1BBB /* LevelEditorListView.swift */; };
		0EB94A6725E7FE1F00D3DFDA /* RemoveComponent.swift in Sources */ = {isa = PBXBuildFile; fileRef = 0EB94A6625E7FE1F00D3DFDA /* RemoveComponent.swift */; };
		0ECBCB2325E8193F00E17972 /* BlockRecordTests.swift in Sources */ = {isa = PBXBuildFile; fileRef = 0ECBCB2225E8193F00E17972 /* BlockRecordTests.swift */; };
		0ECBCB2725E89D2500E17972 /* ElementTests.swift in Sources */ = {isa = PBXBuildFile; fileRef = 0ECBCB2625E89D2500E17972 /* ElementTests.swift */; };
		0ED13CED25E2104800B0428C /* Peg.swift in Sources */ = {isa = PBXBuildFile; fileRef = 0ED13CEC25E2104800B0428C /* Peg.swift */; };
		0ED13CF125E23CEE00B0428C /* Element.swift in Sources */ = {isa = PBXBuildFile; fileRef = 0ED13CF025E23CEE00B0428C /* Element.swift */; };
		0ED13CF725E24D4C00B0428C /* CGSize+Extensions.swift in Sources */ = {isa = PBXBuildFile; fileRef = 0ED13CF625E24D4C00B0428C /* CGSize+Extensions.swift */; };
		0ED13CFF25E2C32C00B0428C /* BlockRecord.swift in Sources */ = {isa = PBXBuildFile; fileRef = 0ED13CFE25E2C32C00B0428C /* BlockRecord.swift */; };
		0ED13D0525E3749200B0428C /* Block.swift in Sources */ = {isa = PBXBuildFile; fileRef = 0ED13D0425E3749200B0428C /* Block.swift */; };
		0ED2812525EB2D2200F7FD9A /* StateComponent.swift in Sources */ = {isa = PBXBuildFile; fileRef = 0ED2812425EB2D2200F7FD9A /* StateComponent.swift */; };
		0ED2812D25EB302300F7FD9A /* StateSystem.swift in Sources */ = {isa = PBXBuildFile; fileRef = 0ED2812C25EB302300F7FD9A /* StateSystem.swift */; };
		0ED2813525EB562400F7FD9A /* RenderSystem.swift in Sources */ = {isa = PBXBuildFile; fileRef = 0ED2813425EB562400F7FD9A /* RenderSystem.swift */; };
		0EE69DCF25D14B6A00BD142A /* CGRect+Extensions.swift in Sources */ = {isa = PBXBuildFile; fileRef = 0EE69DCE25D14B6A00BD142A /* CGRect+Extensions.swift */; };
		0EE69DD325D17A1000BD142A /* CGAffineTransform+Extensions.swift in Sources */ = {isa = PBXBuildFile; fileRef = 0EE69DD225D17A1000BD142A /* CGAffineTransform+Extensions.swift */; };
		0EE69DD925D1804200BD142A /* CGVector+Extensions.swift in Sources */ = {isa = PBXBuildFile; fileRef = 0EE69DD825D1804200BD142A /* CGVector+Extensions.swift */; };
		0EFC550D25D191EC00C053FF /* LevelPlayerView.swift in Sources */ = {isa = PBXBuildFile; fileRef = 0EFC550C25D191EC00C053FF /* LevelPlayerView.swift */; };
		0EFC551B25D1A9E100C053FF /* LevelPlayerViewModel.swift in Sources */ = {isa = PBXBuildFile; fileRef = 0EFC551A25D1A9E100C053FF /* LevelPlayerViewModel.swift */; };
		0EFC552B25D27DC000C053FF /* LazyView.swift in Sources */ = {isa = PBXBuildFile; fileRef = 0EFC552A25D27DC000C053FF /* LazyView.swift */; };
/* End PBXBuildFile section */

/* Begin PBXContainerItemProxy section */
		0E08492D25BD19FD004CE733 /* PBXContainerItemProxy */ = {
			isa = PBXContainerItemProxy;
			containerPortal = 0E08491325BD19F9004CE733 /* Project object */;
			proxyType = 1;
			remoteGlobalIDString = 0E08491A25BD19F9004CE733;
			remoteInfo = Peggle;
		};
/* End PBXContainerItemProxy section */

/* Begin PBXFileReference section */
		0E032D3125E7A2DE00AB1165 /* TrajectoryComponent.swift */ = {isa = PBXFileReference; lastKnownFileType = sourcecode.swift; path = TrajectoryComponent.swift; sourceTree = "<group>"; };
		0E032D3525E7A31700AB1165 /* TrajectorySystem.swift */ = {isa = PBXFileReference; lastKnownFileType = sourcecode.swift; path = TrajectorySystem.swift; sourceTree = "<group>"; };
		0E08491B25BD19F9004CE733 /* Peggle.app */ = {isa = PBXFileReference; explicitFileType = wrapper.application; includeInIndex = 0; path = Peggle.app; sourceTree = BUILT_PRODUCTS_DIR; };
		0E08491E25BD19F9004CE733 /* PeggleApp.swift */ = {isa = PBXFileReference; lastKnownFileType = sourcecode.swift; path = PeggleApp.swift; sourceTree = "<group>"; };
		0E08492225BD19FC004CE733 /* Assets.xcassets */ = {isa = PBXFileReference; lastKnownFileType = folder.assetcatalog; path = Assets.xcassets; sourceTree = "<group>"; };
		0E08492525BD19FC004CE733 /* Preview Assets.xcassets */ = {isa = PBXFileReference; lastKnownFileType = folder.assetcatalog; path = "Preview Assets.xcassets"; sourceTree = "<group>"; };
		0E08492725BD19FC004CE733 /* Info.plist */ = {isa = PBXFileReference; lastKnownFileType = text.plist.xml; path = Info.plist; sourceTree = "<group>"; };
		0E08492C25BD19FD004CE733 /* PeggleTests.xctest */ = {isa = PBXFileReference; explicitFileType = wrapper.cfbundle; includeInIndex = 0; path = PeggleTests.xctest; sourceTree = BUILT_PRODUCTS_DIR; };
		0E08493225BD19FD004CE733 /* Info.plist */ = {isa = PBXFileReference; lastKnownFileType = text.plist.xml; path = Info.plist; sourceTree = "<group>"; };
		0E08495D25BD2724004CE733 /* AppDatabase.swift */ = {isa = PBXFileReference; lastKnownFileType = sourcecode.swift; path = AppDatabase.swift; sourceTree = "<group>"; };
		0E152C1425EA32180098E288 /* MainMenuView.swift */ = {isa = PBXFileReference; lastKnownFileType = sourcecode.swift; path = MainMenuView.swift; sourceTree = "<group>"; };
		0E152C1825EA322B0098E288 /* MainMenuViewModel.swift */ = {isa = PBXFileReference; lastKnownFileType = sourcecode.swift; path = MainMenuViewModel.swift; sourceTree = "<group>"; };
		0E152C2025EA4F300098E288 /* LevelSelectView.swift */ = {isa = PBXFileReference; lastKnownFileType = sourcecode.swift; path = LevelSelectView.swift; sourceTree = "<group>"; };
		0E152C2425EA4F560098E288 /* LevelSelectViewModel.swift */ = {isa = PBXFileReference; lastKnownFileType = sourcecode.swift; path = LevelSelectViewModel.swift; sourceTree = "<group>"; };
		0E152C2C25EA62EB0098E288 /* Level.swift */ = {isa = PBXFileReference; lastKnownFileType = sourcecode.swift; path = Level.swift; sourceTree = "<group>"; };
		0E152C3225EA956E0098E288 /* AnyShape.swift */ = {isa = PBXFileReference; lastKnownFileType = sourcecode.swift; path = AnyShape.swift; sourceTree = "<group>"; };
		0E152C3825EAA8CB0098E288 /* ScoreComponent.swift */ = {isa = PBXFileReference; lastKnownFileType = sourcecode.swift; path = ScoreComponent.swift; sourceTree = "<group>"; };
		0E152C3C25EAA9BA0098E288 /* ScoreSystem.swift */ = {isa = PBXFileReference; lastKnownFileType = sourcecode.swift; path = ScoreSystem.swift; sourceTree = "<group>"; };
		0E18E20625D627C400A2B74A /* Component.swift */ = {isa = PBXFileReference; lastKnownFileType = sourcecode.swift; path = Component.swift; sourceTree = "<group>"; };
		0E18E21025D628F600A2B74A /* RenderComponent.swift */ = {isa = PBXFileReference; lastKnownFileType = sourcecode.swift; path = RenderComponent.swift; sourceTree = "<group>"; };
		0E18E21425D6296600A2B74A /* PhysicsComponent.swift */ = {isa = PBXFileReference; lastKnownFileType = sourcecode.swift; path = PhysicsComponent.swift; sourceTree = "<group>"; };
		0E18E22125D635EE00A2B74A /* System.swift */ = {isa = PBXFileReference; lastKnownFileType = sourcecode.swift; path = System.swift; sourceTree = "<group>"; };
		0E18E23725D640F300A2B74A /* Entity.swift */ = {isa = PBXFileReference; lastKnownFileType = sourcecode.swift; path = Entity.swift; sourceTree = "<group>"; };
		0E18E23D25D6412200A2B74A /* EntityManager.swift */ = {isa = PBXFileReference; lastKnownFileType = sourcecode.swift; path = EntityManager.swift; sourceTree = "<group>"; };
		0E2061F825D03EB4004DF11C /* PhysicsBody.swift */ = {isa = PBXFileReference; lastKnownFileType = sourcecode.swift; path = PhysicsBody.swift; sourceTree = "<group>"; };
		0E20620625D048CC004DF11C /* PhysicsWorld.swift */ = {isa = PBXFileReference; lastKnownFileType = sourcecode.swift; path = PhysicsWorld.swift; sourceTree = "<group>"; };
		0E22A94925BD2CDC002441A5 /* LevelRecord.swift */ = {isa = PBXFileReference; lastKnownFileType = sourcecode.swift; path = LevelRecord.swift; sourceTree = "<group>"; };
		0E22A95325BD4FC0002441A5 /* AppDatabase+Persistence.swift */ = {isa = PBXFileReference; lastKnownFileType = sourcecode.swift; path = "AppDatabase+Persistence.swift"; sourceTree = "<group>"; };
		0E2A452425BDC56800B0DCA7 /* LevelEditorView.swift */ = {isa = PBXFileReference; lastKnownFileType = sourcecode.swift; path = LevelEditorView.swift; sourceTree = "<group>"; };
		0E2A452C25BDE62100B0DCA7 /* PegRecord.swift */ = {isa = PBXFileReference; lastKnownFileType = sourcecode.swift; path = PegRecord.swift; sourceTree = "<group>"; };
		0E2A453F25BFEABA00B0DCA7 /* LevelEditorViewModel.swift */ = {isa = PBXFileReference; lastKnownFileType = sourcecode.swift; path = LevelEditorViewModel.swift; sourceTree = "<group>"; };
		0E3BB28225E0DEBE0021A9F6 /* PhysicsSystem.swift */ = {isa = PBXFileReference; lastKnownFileType = sourcecode.swift; path = PhysicsSystem.swift; sourceTree = "<group>"; };
		0E3D4C9E25D9626600C3E8FB /* PhysicsBodyTests.swift */ = {isa = PBXFileReference; lastKnownFileType = sourcecode.swift; path = PhysicsBodyTests.swift; sourceTree = "<group>"; };
		0E61D57425D6CCE70091D9D0 /* AimComponent.swift */ = {isa = PBXFileReference; lastKnownFileType = sourcecode.swift; path = AimComponent.swift; sourceTree = "<group>"; };
		0E61D57A25D6CD2F0091D9D0 /* AimSystem.swift */ = {isa = PBXFileReference; lastKnownFileType = sourcecode.swift; path = AimSystem.swift; sourceTree = "<group>"; };
		0E6D679A25D64C9D0096FE5B /* GameRenderer.swift */ = {isa = PBXFileReference; lastKnownFileType = sourcecode.swift; path = GameRenderer.swift; sourceTree = "<group>"; };
		0E6F76FA25D6642100E4C8B8 /* GameEngine.swift */ = {isa = PBXFileReference; lastKnownFileType = sourcecode.swift; path = GameEngine.swift; sourceTree = "<group>"; };
		0E6F771625D6B7E900E4C8B8 /* EntityFactory.swift */ = {isa = PBXFileReference; lastKnownFileType = sourcecode.swift; path = EntityFactory.swift; sourceTree = "<group>"; };
		0E85317725C30034008B012D /* CGPoint+Extensions.swift */ = {isa = PBXFileReference; lastKnownFileType = sourcecode.swift; path = "CGPoint+Extensions.swift"; sourceTree = "<group>"; };
		0E8531E425C5A14F008B012D /* LevelRecordTests.swift */ = {isa = PBXFileReference; lastKnownFileType = sourcecode.swift; path = LevelRecordTests.swift; sourceTree = "<group>"; };
		0E8531E925C5C463008B012D /* PegRecordTests.swift */ = {isa = PBXFileReference; lastKnownFileType = sourcecode.swift; path = PegRecordTests.swift; sourceTree = "<group>"; };
		0E8531F425C5CC1C008B012D /* AppDatabaseTests.swift */ = {isa = PBXFileReference; lastKnownFileType = sourcecode.swift; path = AppDatabaseTests.swift; sourceTree = "<group>"; };
		0E892B2725E51522005573EF /* OscillateComponent.swift */ = {isa = PBXFileReference; lastKnownFileType = sourcecode.swift; path = OscillateComponent.swift; sourceTree = "<group>"; };
		0E892B2B25E518C7005573EF /* OscillateSystem.swift */ = {isa = PBXFileReference; lastKnownFileType = sourcecode.swift; path = OscillateSystem.swift; sourceTree = "<group>"; };
		0E892B3125E581E3005573EF /* PowerComponent.swift */ = {isa = PBXFileReference; lastKnownFileType = sourcecode.swift; path = PowerComponent.swift; sourceTree = "<group>"; };
		0E892B3725E58281005573EF /* PowerSystem.swift */ = {isa = PBXFileReference; lastKnownFileType = sourcecode.swift; path = PowerSystem.swift; sourceTree = "<group>"; };
		0E892B4325E69EBE005573EF /* ClearComponent.swift */ = {isa = PBXFileReference; lastKnownFileType = sourcecode.swift; path = ClearComponent.swift; sourceTree = "<group>"; };
		0E892B4725E69EDC005573EF /* ClearSystem.swift */ = {isa = PBXFileReference; lastKnownFileType = sourcecode.swift; path = ClearSystem.swift; sourceTree = "<group>"; };
		0EA3451525BDB53000DD1BBB /* LevelEditorListViewModel.swift */ = {isa = PBXFileReference; lastKnownFileType = sourcecode.swift; path = LevelEditorListViewModel.swift; sourceTree = "<group>"; };
		0EA3451A25BDBFA000DD1BBB /* LevelEditorListView.swift */ = {isa = PBXFileReference; lastKnownFileType = sourcecode.swift; path = LevelEditorListView.swift; sourceTree = "<group>"; };
		0EB94A6625E7FE1F00D3DFDA /* RemoveComponent.swift */ = {isa = PBXFileReference; lastKnownFileType = sourcecode.swift; path = RemoveComponent.swift; sourceTree = "<group>"; };
		0ECBCB2225E8193F00E17972 /* BlockRecordTests.swift */ = {isa = PBXFileReference; lastKnownFileType = sourcecode.swift; path = BlockRecordTests.swift; sourceTree = "<group>"; };
		0ECBCB2625E89D2500E17972 /* ElementTests.swift */ = {isa = PBXFileReference; lastKnownFileType = sourcecode.swift; path = ElementTests.swift; sourceTree = "<group>"; };
		0ED13CEC25E2104800B0428C /* Peg.swift */ = {isa = PBXFileReference; lastKnownFileType = sourcecode.swift; path = Peg.swift; sourceTree = "<group>"; };
		0ED13CF025E23CEE00B0428C /* Element.swift */ = {isa = PBXFileReference; lastKnownFileType = sourcecode.swift; path = Element.swift; sourceTree = "<group>"; };
		0ED13CF625E24D4C00B0428C /* CGSize+Extensions.swift */ = {isa = PBXFileReference; lastKnownFileType = sourcecode.swift; path = "CGSize+Extensions.swift"; sourceTree = "<group>"; };
		0ED13CFE25E2C32C00B0428C /* BlockRecord.swift */ = {isa = PBXFileReference; lastKnownFileType = sourcecode.swift; path = BlockRecord.swift; sourceTree = "<group>"; };
		0ED13D0425E3749200B0428C /* Block.swift */ = {isa = PBXFileReference; lastKnownFileType = sourcecode.swift; path = Block.swift; sourceTree = "<group>"; };
		0ED2812425EB2D2200F7FD9A /* StateComponent.swift */ = {isa = PBXFileReference; lastKnownFileType = sourcecode.swift; path = StateComponent.swift; sourceTree = "<group>"; };
		0ED2812C25EB302300F7FD9A /* StateSystem.swift */ = {isa = PBXFileReference; lastKnownFileType = sourcecode.swift; path = StateSystem.swift; sourceTree = "<group>"; };
		0ED2813425EB562400F7FD9A /* RenderSystem.swift */ = {isa = PBXFileReference; lastKnownFileType = sourcecode.swift; path = RenderSystem.swift; sourceTree = "<group>"; };
		0EE69DCE25D14B6A00BD142A /* CGRect+Extensions.swift */ = {isa = PBXFileReference; lastKnownFileType = sourcecode.swift; path = "CGRect+Extensions.swift"; sourceTree = "<group>"; };
		0EE69DD225D17A1000BD142A /* CGAffineTransform+Extensions.swift */ = {isa = PBXFileReference; lastKnownFileType = sourcecode.swift; path = "CGAffineTransform+Extensions.swift"; sourceTree = "<group>"; };
		0EE69DD825D1804200BD142A /* CGVector+Extensions.swift */ = {isa = PBXFileReference; lastKnownFileType = sourcecode.swift; path = "CGVector+Extensions.swift"; sourceTree = "<group>"; };
		0EFC550C25D191EC00C053FF /* LevelPlayerView.swift */ = {isa = PBXFileReference; lastKnownFileType = sourcecode.swift; path = LevelPlayerView.swift; sourceTree = "<group>"; };
		0EFC551A25D1A9E100C053FF /* LevelPlayerViewModel.swift */ = {isa = PBXFileReference; lastKnownFileType = sourcecode.swift; path = LevelPlayerViewModel.swift; sourceTree = "<group>"; };
		0EFC552A25D27DC000C053FF /* LazyView.swift */ = {isa = PBXFileReference; lastKnownFileType = sourcecode.swift; path = LazyView.swift; sourceTree = "<group>"; };
/* End PBXFileReference section */

/* Begin PBXFrameworksBuildPhase section */
		0E08491825BD19F9004CE733 /* Frameworks */ = {
			isa = PBXFrameworksBuildPhase;
			buildActionMask = 2147483647;
			files = (
				0E08495525BD2680004CE733 /* GRDB in Frameworks */,
			);
			runOnlyForDeploymentPostprocessing = 0;
		};
		0E08492925BD19FD004CE733 /* Frameworks */ = {
			isa = PBXFrameworksBuildPhase;
			buildActionMask = 2147483647;
			files = (
			);
			runOnlyForDeploymentPostprocessing = 0;
		};
/* End PBXFrameworksBuildPhase section */

/* Begin PBXGroup section */
		0E08491225BD19F9004CE733 = {
			isa = PBXGroup;
			children = (
				0E08491D25BD19F9004CE733 /* Peggle */,
				0E08492F25BD19FD004CE733 /* PeggleTests */,
				0E08491C25BD19F9004CE733 /* Products */,
			);
			sourceTree = "<group>";
		};
		0E08491C25BD19F9004CE733 /* Products */ = {
			isa = PBXGroup;
			children = (
				0E08491B25BD19F9004CE733 /* Peggle.app */,
				0E08492C25BD19FD004CE733 /* PeggleTests.xctest */,
			);
			name = Products;
			sourceTree = "<group>";
		};
		0E08491D25BD19F9004CE733 /* Peggle */ = {
			isa = PBXGroup;
			children = (
				0E08492225BD19FC004CE733 /* Assets.xcassets */,
				0E18E20D25D6288800A2B74A /* GameEngine */,
				0E2061FC25D04500004DF11C /* PhysicsEngine */,
				0E22A94825BD2CD2002441A5 /* Models */,
				0E85318225C3C2B2008B012D /* Utilities */,
				0E08495925BD2707004CE733 /* Views */,
				0EA3450C25BD530700DD1BBB /* ViewModels */,
				0E08492425BD19FC004CE733 /* Preview Content */,
				0E08492725BD19FC004CE733 /* Info.plist */,
				0E08491E25BD19F9004CE733 /* PeggleApp.swift */,
				0E08495D25BD2724004CE733 /* AppDatabase.swift */,
				0E22A95325BD4FC0002441A5 /* AppDatabase+Persistence.swift */,
			);
			path = Peggle;
			sourceTree = "<group>";
		};
		0E08492425BD19FC004CE733 /* Preview Content */ = {
			isa = PBXGroup;
			children = (
				0E08492525BD19FC004CE733 /* Preview Assets.xcassets */,
			);
			path = "Preview Content";
			sourceTree = "<group>";
		};
		0E08492F25BD19FD004CE733 /* PeggleTests */ = {
			isa = PBXGroup;
			children = (
				0E8531F425C5CC1C008B012D /* AppDatabaseTests.swift */,
				0E8531E425C5A14F008B012D /* LevelRecordTests.swift */,
				0E8531E925C5C463008B012D /* PegRecordTests.swift */,
				0ECBCB2225E8193F00E17972 /* BlockRecordTests.swift */,
				0ECBCB2625E89D2500E17972 /* ElementTests.swift */,
				0E3D4C9E25D9626600C3E8FB /* PhysicsBodyTests.swift */,
				0E08493225BD19FD004CE733 /* Info.plist */,
			);
			path = PeggleTests;
			sourceTree = "<group>";
		};
		0E08495925BD2707004CE733 /* Views */ = {
			isa = PBXGroup;
			children = (
				0E152C1425EA32180098E288 /* MainMenuView.swift */,
				0E152C2025EA4F300098E288 /* LevelSelectView.swift */,
				0E2A452425BDC56800B0DCA7 /* LevelEditorView.swift */,
				0EA3451A25BDBFA000DD1BBB /* LevelEditorListView.swift */,
				0EFC550C25D191EC00C053FF /* LevelPlayerView.swift */,
			);
			path = Views;
			sourceTree = "<group>";
		};
		0E18E20D25D6288800A2B74A /* GameEngine */ = {
			isa = PBXGroup;
			children = (
				0E18E22025D632F500A2B74A /* Systems */,
				0E18E20E25D628B300A2B74A /* Entities */,
				0E18E20F25D628BC00A2B74A /* Components */,
				0E6D679A25D64C9D0096FE5B /* GameRenderer.swift */,
				0E6F76FA25D6642100E4C8B8 /* GameEngine.swift */,
			);
			path = GameEngine;
			sourceTree = "<group>";
		};
		0E18E20E25D628B300A2B74A /* Entities */ = {
			isa = PBXGroup;
			children = (
				0E18E23D25D6412200A2B74A /* EntityManager.swift */,
				0E6F771625D6B7E900E4C8B8 /* EntityFactory.swift */,
				0E18E23725D640F300A2B74A /* Entity.swift */,
			);
			path = Entities;
			sourceTree = "<group>";
		};
		0E18E20F25D628BC00A2B74A /* Components */ = {
			isa = PBXGroup;
			children = (
				0E18E20625D627C400A2B74A /* Component.swift */,
				0E61D57425D6CCE70091D9D0 /* AimComponent.swift */,
				0E892B4325E69EBE005573EF /* ClearComponent.swift */,
				0E892B2725E51522005573EF /* OscillateComponent.swift */,
				0E18E21425D6296600A2B74A /* PhysicsComponent.swift */,
				0E892B3125E581E3005573EF /* PowerComponent.swift */,
				0EB94A6625E7FE1F00D3DFDA /* RemoveComponent.swift */,
				0E18E21025D628F600A2B74A /* RenderComponent.swift */,
				0E152C3825EAA8CB0098E288 /* ScoreComponent.swift */,
				0ED2812425EB2D2200F7FD9A /* StateComponent.swift */,
				0E032D3125E7A2DE00AB1165 /* TrajectoryComponent.swift */,
			);
			path = Components;
			sourceTree = "<group>";
		};
		0E18E22025D632F500A2B74A /* Systems */ = {
			isa = PBXGroup;
			children = (
				0E18E22125D635EE00A2B74A /* System.swift */,
				0E61D57A25D6CD2F0091D9D0 /* AimSystem.swift */,
				0E892B4725E69EDC005573EF /* ClearSystem.swift */,
				0E892B2B25E518C7005573EF /* OscillateSystem.swift */,
				0E3BB28225E0DEBE0021A9F6 /* PhysicsSystem.swift */,
				0E892B3725E58281005573EF /* PowerSystem.swift */,
				0ED2813425EB562400F7FD9A /* RenderSystem.swift */,
				0E152C3C25EAA9BA0098E288 /* ScoreSystem.swift */,
				0ED2812C25EB302300F7FD9A /* StateSystem.swift */,
				0E032D3525E7A31700AB1165 /* TrajectorySystem.swift */,
			);
			path = Systems;
			sourceTree = "<group>";
		};
		0E2061FC25D04500004DF11C /* PhysicsEngine */ = {
			isa = PBXGroup;
			children = (
				0E2061F825D03EB4004DF11C /* PhysicsBody.swift */,
				0E20620625D048CC004DF11C /* PhysicsWorld.swift */,
			);
			path = PhysicsEngine;
			sourceTree = "<group>";
		};
		0E22A94825BD2CD2002441A5 /* Models */ = {
			isa = PBXGroup;
			children = (
				0E22A94925BD2CDC002441A5 /* LevelRecord.swift */,
				0E2A452C25BDE62100B0DCA7 /* PegRecord.swift */,
				0ED13CFE25E2C32C00B0428C /* BlockRecord.swift */,
				0E152C2C25EA62EB0098E288 /* Level.swift */,
				0ED13CF025E23CEE00B0428C /* Element.swift */,
				0ED13CEC25E2104800B0428C /* Peg.swift */,
				0ED13D0425E3749200B0428C /* Block.swift */,
			);
			path = Models;
			sourceTree = "<group>";
		};
		0E85318225C3C2B2008B012D /* Utilities */ = {
			isa = PBXGroup;
			children = (
				0E152C3225EA956E0098E288 /* AnyShape.swift */,
				0EE69DD225D17A1000BD142A /* CGAffineTransform+Extensions.swift */,
				0E85317725C30034008B012D /* CGPoint+Extensions.swift */,
				0EE69DCE25D14B6A00BD142A /* CGRect+Extensions.swift */,
				0ED13CF625E24D4C00B0428C /* CGSize+Extensions.swift */,
				0EE69DD825D1804200BD142A /* CGVector+Extensions.swift */,
				0EFC552A25D27DC000C053FF /* LazyView.swift */,
			);
			path = Utilities;
			sourceTree = "<group>";
		};
		0EA3450C25BD530700DD1BBB /* ViewModels */ = {
			isa = PBXGroup;
			children = (
				0E152C1825EA322B0098E288 /* MainMenuViewModel.swift */,
				0E152C2425EA4F560098E288 /* LevelSelectViewModel.swift */,
				0E2A453F25BFEABA00B0DCA7 /* LevelEditorViewModel.swift */,
				0EA3451525BDB53000DD1BBB /* LevelEditorListViewModel.swift */,
				0EFC551A25D1A9E100C053FF /* LevelPlayerViewModel.swift */,
			);
			path = ViewModels;
			sourceTree = "<group>";
		};
/* End PBXGroup section */

/* Begin PBXNativeTarget section */
		0E08491A25BD19F9004CE733 /* Peggle */ = {
			isa = PBXNativeTarget;
			buildConfigurationList = 0E08494025BD19FD004CE733 /* Build configuration list for PBXNativeTarget "Peggle" */;
			buildPhases = (
				0E08494F25BD1A8D004CE733 /* ShellScript */,
				0E08491725BD19F9004CE733 /* Sources */,
				0E08491825BD19F9004CE733 /* Frameworks */,
				0E08491925BD19F9004CE733 /* Resources */,
			);
			buildRules = (
			);
			dependencies = (
			);
			name = Peggle;
			packageProductDependencies = (
				0E08495425BD2680004CE733 /* GRDB */,
			);
			productName = Peggle;
			productReference = 0E08491B25BD19F9004CE733 /* Peggle.app */;
			productType = "com.apple.product-type.application";
		};
		0E08492B25BD19FD004CE733 /* PeggleTests */ = {
			isa = PBXNativeTarget;
			buildConfigurationList = 0E08494325BD19FD004CE733 /* Build configuration list for PBXNativeTarget "PeggleTests" */;
			buildPhases = (
				0E08492825BD19FD004CE733 /* Sources */,
				0E08492925BD19FD004CE733 /* Frameworks */,
				0E08492A25BD19FD004CE733 /* Resources */,
			);
			buildRules = (
			);
			dependencies = (
				0E08492E25BD19FD004CE733 /* PBXTargetDependency */,
			);
			name = PeggleTests;
			productName = PeggleTests;
			productReference = 0E08492C25BD19FD004CE733 /* PeggleTests.xctest */;
			productType = "com.apple.product-type.bundle.unit-test";
		};
/* End PBXNativeTarget section */

/* Begin PBXProject section */
		0E08491325BD19F9004CE733 /* Project object */ = {
			isa = PBXProject;
			attributes = {
				LastSwiftUpdateCheck = 1230;
				LastUpgradeCheck = 1230;
				TargetAttributes = {
					0E08491A25BD19F9004CE733 = {
						CreatedOnToolsVersion = 12.3;
					};
					0E08492B25BD19FD004CE733 = {
						CreatedOnToolsVersion = 12.3;
						TestTargetID = 0E08491A25BD19F9004CE733;
					};
				};
			};
			buildConfigurationList = 0E08491625BD19F9004CE733 /* Build configuration list for PBXProject "Peggle" */;
			compatibilityVersion = "Xcode 9.3";
			developmentRegion = en;
			hasScannedForEncodings = 0;
			knownRegions = (
				en,
				Base,
			);
			mainGroup = 0E08491225BD19F9004CE733;
			packageReferences = (
				0E08495325BD2680004CE733 /* XCRemoteSwiftPackageReference "GRDB.swift" */,
			);
			productRefGroup = 0E08491C25BD19F9004CE733 /* Products */;
			projectDirPath = "";
			projectRoot = "";
			targets = (
				0E08491A25BD19F9004CE733 /* Peggle */,
				0E08492B25BD19FD004CE733 /* PeggleTests */,
			);
		};
/* End PBXProject section */

/* Begin PBXResourcesBuildPhase section */
		0E08491925BD19F9004CE733 /* Resources */ = {
			isa = PBXResourcesBuildPhase;
			buildActionMask = 2147483647;
			files = (
				0E08492625BD19FC004CE733 /* Preview Assets.xcassets in Resources */,
				0E08492325BD19FC004CE733 /* Assets.xcassets in Resources */,
			);
			runOnlyForDeploymentPostprocessing = 0;
		};
		0E08492A25BD19FD004CE733 /* Resources */ = {
			isa = PBXResourcesBuildPhase;
			buildActionMask = 2147483647;
			files = (
			);
			runOnlyForDeploymentPostprocessing = 0;
		};
/* End PBXResourcesBuildPhase section */

/* Begin PBXShellScriptBuildPhase section */
		0E08494F25BD1A8D004CE733 /* ShellScript */ = {
			isa = PBXShellScriptBuildPhase;
			buildActionMask = 2147483647;
			files = (
			);
			inputFileListPaths = (
			);
			inputPaths = (
			);
			outputFileListPaths = (
			);
			outputPaths = (
			);
			runOnlyForDeploymentPostprocessing = 0;
			shellPath = /bin/sh;
			shellScript = "if which swiftlint >/dev/null; then\n  swiftlint autocorrect && swiftlint\nelse\n  echo \"warning: SwiftLint not installed, download from https://github.com/realm/SwiftLint\"\nfi\n";
		};
/* End PBXShellScriptBuildPhase section */

/* Begin PBXSourcesBuildPhase section */
		0E08491725BD19F9004CE733 /* Sources */ = {
			isa = PBXSourcesBuildPhase;
			buildActionMask = 2147483647;
			files = (
				0EB94A6725E7FE1F00D3DFDA /* RemoveComponent.swift in Sources */,
				0E2A452D25BDE62100B0DCA7 /* PegRecord.swift in Sources */,
				0EE69DD325D17A1000BD142A /* CGAffineTransform+Extensions.swift in Sources */,
				0E18E21125D628F600A2B74A /* RenderComponent.swift in Sources */,
				0E892B3225E581E3005573EF /* PowerComponent.swift in Sources */,
				0ED13CED25E2104800B0428C /* Peg.swift in Sources */,
				0EFC551B25D1A9E100C053FF /* LevelPlayerViewModel.swift in Sources */,
				0ED2813525EB562400F7FD9A /* RenderSystem.swift in Sources */,
				0E08495E25BD2724004CE733 /* AppDatabase.swift in Sources */,
				0E892B4825E69EDC005573EF /* ClearSystem.swift in Sources */,
				0E152C2525EA4F560098E288 /* LevelSelectViewModel.swift in Sources */,
				0E2A454025BFEABA00B0DCA7 /* LevelEditorViewModel.swift in Sources */,
				0EA3451B25BDBFA000DD1BBB /* LevelEditorListView.swift in Sources */,
				0E2061F925D03EB4004DF11C /* PhysicsBody.swift in Sources */,
				0E22A95425BD4FC0002441A5 /* AppDatabase+Persistence.swift in Sources */,
				0E18E23825D640F300A2B74A /* Entity.swift in Sources */,
				0E032D3625E7A31700AB1165 /* TrajectorySystem.swift in Sources */,
				0E892B2C25E518C7005573EF /* OscillateSystem.swift in Sources */,
				0E152C1525EA32180098E288 /* MainMenuView.swift in Sources */,
				0E18E22225D635EE00A2B74A /* System.swift in Sources */,
				0E892B3825E58281005573EF /* PowerSystem.swift in Sources */,
				0E22A94A25BD2CDC002441A5 /* LevelRecord.swift in Sources */,
				0ED2812525EB2D2200F7FD9A /* StateComponent.swift in Sources */,
				0E2A452525BDC56800B0DCA7 /* LevelEditorView.swift in Sources */,
				0E61D57525D6CCE70091D9D0 /* AimComponent.swift in Sources */,
				0E20620725D048CC004DF11C /* PhysicsWorld.swift in Sources */,
				0E152C2D25EA62EB0098E288 /* Level.swift in Sources */,
				0ED13CF125E23CEE00B0428C /* Element.swift in Sources */,
				0EA3451625BDB53000DD1BBB /* LevelEditorListViewModel.swift in Sources */,
				0ED13D0525E3749200B0428C /* Block.swift in Sources */,
				0E18E20725D627C400A2B74A /* Component.swift in Sources */,
				0ED13CF725E24D4C00B0428C /* CGSize+Extensions.swift in Sources */,
				0E6F76FB25D6642100E4C8B8 /* GameEngine.swift in Sources */,
				0E6D679B25D64C9D0096FE5B /* GameRenderer.swift in Sources */,
				0EE69DD925D1804200BD142A /* CGVector+Extensions.swift in Sources */,
				0EFC552B25D27DC000C053FF /* LazyView.swift in Sources */,
				0EFC550D25D191EC00C053FF /* LevelPlayerView.swift in Sources */,
				0ED13CFF25E2C32C00B0428C /* BlockRecord.swift in Sources */,
				0E152C3D25EAA9BA0098E288 /* ScoreSystem.swift in Sources */,
				0E61D57B25D6CD2F0091D9D0 /* AimSystem.swift in Sources */,
				0E892B4425E69EBE005573EF /* ClearComponent.swift in Sources */,
				0EE69DCF25D14B6A00BD142A /* CGRect+Extensions.swift in Sources */,
				0E18E23E25D6412200A2B74A /* EntityManager.swift in Sources */,
				0E18E21525D6296600A2B74A /* PhysicsComponent.swift in Sources */,
				0ED2812D25EB302300F7FD9A /* StateSystem.swift in Sources */,
				0E85317825C30034008B012D /* CGPoint+Extensions.swift in Sources */,
				0E152C3325EA956E0098E288 /* AnyShape.swift in Sources */,
				0E892B2825E51522005573EF /* OscillateComponent.swift in Sources */,
				0E3BB28325E0DEBE0021A9F6 /* PhysicsSystem.swift in Sources */,
				0E152C3925EAA8CB0098E288 /* ScoreComponent.swift in Sources */,
				0E152C2125EA4F300098E288 /* LevelSelectView.swift in Sources */,
				0E08491F25BD19F9004CE733 /* PeggleApp.swift in Sources */,
				0E6F771725D6B7E900E4C8B8 /* EntityFactory.swift in Sources */,
				0E152C1925EA322B0098E288 /* MainMenuViewModel.swift in Sources */,
				0E032D3225E7A2DE00AB1165 /* TrajectoryComponent.swift in Sources */,
			);
			runOnlyForDeploymentPostprocessing = 0;
		};
		0E08492825BD19FD004CE733 /* Sources */ = {
			isa = PBXSourcesBuildPhase;
			buildActionMask = 2147483647;
			files = (
				0ECBCB2725E89D2500E17972 /* ElementTests.swift in Sources */,
				0E8531E525C5A14F008B012D /* LevelRecordTests.swift in Sources */,
				0E3D4C9F25D9626600C3E8FB /* PhysicsBodyTests.swift in Sources */,
				0E8531EA25C5C464008B012D /* PegRecordTests.swift in Sources */,
				0ECBCB2325E8193F00E17972 /* BlockRecordTests.swift in Sources */,
				0E8531F525C5CC1C008B012D /* AppDatabaseTests.swift in Sources */,
			);
			runOnlyForDeploymentPostprocessing = 0;
		};
/* End PBXSourcesBuildPhase section */

/* Begin PBXTargetDependency section */
		0E08492E25BD19FD004CE733 /* PBXTargetDependency */ = {
			isa = PBXTargetDependency;
			target = 0E08491A25BD19F9004CE733 /* Peggle */;
			targetProxy = 0E08492D25BD19FD004CE733 /* PBXContainerItemProxy */;
		};
/* End PBXTargetDependency section */

/* Begin XCBuildConfiguration section */
		0E08493E25BD19FD004CE733 /* Debug */ = {
			isa = XCBuildConfiguration;
			buildSettings = {
				ALWAYS_SEARCH_USER_PATHS = NO;
				CLANG_ANALYZER_NONNULL = YES;
				CLANG_ANALYZER_NUMBER_OBJECT_CONVERSION = YES_AGGRESSIVE;
				CLANG_CXX_LANGUAGE_STANDARD = "gnu++14";
				CLANG_CXX_LIBRARY = "libc++";
				CLANG_ENABLE_MODULES = YES;
				CLANG_ENABLE_OBJC_ARC = YES;
				CLANG_ENABLE_OBJC_WEAK = YES;
				CLANG_WARN_BLOCK_CAPTURE_AUTORELEASING = YES;
				CLANG_WARN_BOOL_CONVERSION = YES;
				CLANG_WARN_COMMA = YES;
				CLANG_WARN_CONSTANT_CONVERSION = YES;
				CLANG_WARN_DEPRECATED_OBJC_IMPLEMENTATIONS = YES;
				CLANG_WARN_DIRECT_OBJC_ISA_USAGE = YES_ERROR;
				CLANG_WARN_DOCUMENTATION_COMMENTS = YES;
				CLANG_WARN_EMPTY_BODY = YES;
				CLANG_WARN_ENUM_CONVERSION = YES;
				CLANG_WARN_INFINITE_RECURSION = YES;
				CLANG_WARN_INT_CONVERSION = YES;
				CLANG_WARN_NON_LITERAL_NULL_CONVERSION = YES;
				CLANG_WARN_OBJC_IMPLICIT_RETAIN_SELF = YES;
				CLANG_WARN_OBJC_LITERAL_CONVERSION = YES;
				CLANG_WARN_OBJC_ROOT_CLASS = YES_ERROR;
				CLANG_WARN_QUOTED_INCLUDE_IN_FRAMEWORK_HEADER = YES;
				CLANG_WARN_RANGE_LOOP_ANALYSIS = YES;
				CLANG_WARN_STRICT_PROTOTYPES = YES;
				CLANG_WARN_SUSPICIOUS_MOVE = YES;
				CLANG_WARN_UNGUARDED_AVAILABILITY = YES_AGGRESSIVE;
				CLANG_WARN_UNREACHABLE_CODE = YES;
				CLANG_WARN__DUPLICATE_METHOD_MATCH = YES;
				COPY_PHASE_STRIP = NO;
				DEBUG_INFORMATION_FORMAT = dwarf;
				ENABLE_STRICT_OBJC_MSGSEND = YES;
				ENABLE_TESTABILITY = YES;
				GCC_C_LANGUAGE_STANDARD = gnu11;
				GCC_DYNAMIC_NO_PIC = NO;
				GCC_NO_COMMON_BLOCKS = YES;
				GCC_OPTIMIZATION_LEVEL = 0;
				GCC_PREPROCESSOR_DEFINITIONS = (
					"DEBUG=1",
					"$(inherited)",
				);
				GCC_WARN_64_TO_32_BIT_CONVERSION = YES;
				GCC_WARN_ABOUT_RETURN_TYPE = YES_ERROR;
				GCC_WARN_UNDECLARED_SELECTOR = YES;
				GCC_WARN_UNINITIALIZED_AUTOS = YES_AGGRESSIVE;
				GCC_WARN_UNUSED_FUNCTION = YES;
				GCC_WARN_UNUSED_VARIABLE = YES;
				IPHONEOS_DEPLOYMENT_TARGET = 14.3;
				MTL_ENABLE_DEBUG_INFO = INCLUDE_SOURCE;
				MTL_FAST_MATH = YES;
				ONLY_ACTIVE_ARCH = YES;
				SDKROOT = iphoneos;
				SWIFT_ACTIVE_COMPILATION_CONDITIONS = DEBUG;
				SWIFT_OPTIMIZATION_LEVEL = "-Onone";
			};
			name = Debug;
		};
		0E08493F25BD19FD004CE733 /* Release */ = {
			isa = XCBuildConfiguration;
			buildSettings = {
				ALWAYS_SEARCH_USER_PATHS = NO;
				CLANG_ANALYZER_NONNULL = YES;
				CLANG_ANALYZER_NUMBER_OBJECT_CONVERSION = YES_AGGRESSIVE;
				CLANG_CXX_LANGUAGE_STANDARD = "gnu++14";
				CLANG_CXX_LIBRARY = "libc++";
				CLANG_ENABLE_MODULES = YES;
				CLANG_ENABLE_OBJC_ARC = YES;
				CLANG_ENABLE_OBJC_WEAK = YES;
				CLANG_WARN_BLOCK_CAPTURE_AUTORELEASING = YES;
				CLANG_WARN_BOOL_CONVERSION = YES;
				CLANG_WARN_COMMA = YES;
				CLANG_WARN_CONSTANT_CONVERSION = YES;
				CLANG_WARN_DEPRECATED_OBJC_IMPLEMENTATIONS = YES;
				CLANG_WARN_DIRECT_OBJC_ISA_USAGE = YES_ERROR;
				CLANG_WARN_DOCUMENTATION_COMMENTS = YES;
				CLANG_WARN_EMPTY_BODY = YES;
				CLANG_WARN_ENUM_CONVERSION = YES;
				CLANG_WARN_INFINITE_RECURSION = YES;
				CLANG_WARN_INT_CONVERSION = YES;
				CLANG_WARN_NON_LITERAL_NULL_CONVERSION = YES;
				CLANG_WARN_OBJC_IMPLICIT_RETAIN_SELF = YES;
				CLANG_WARN_OBJC_LITERAL_CONVERSION = YES;
				CLANG_WARN_OBJC_ROOT_CLASS = YES_ERROR;
				CLANG_WARN_QUOTED_INCLUDE_IN_FRAMEWORK_HEADER = YES;
				CLANG_WARN_RANGE_LOOP_ANALYSIS = YES;
				CLANG_WARN_STRICT_PROTOTYPES = YES;
				CLANG_WARN_SUSPICIOUS_MOVE = YES;
				CLANG_WARN_UNGUARDED_AVAILABILITY = YES_AGGRESSIVE;
				CLANG_WARN_UNREACHABLE_CODE = YES;
				CLANG_WARN__DUPLICATE_METHOD_MATCH = YES;
				COPY_PHASE_STRIP = NO;
				DEBUG_INFORMATION_FORMAT = "dwarf-with-dsym";
				ENABLE_NS_ASSERTIONS = NO;
				ENABLE_STRICT_OBJC_MSGSEND = YES;
				GCC_C_LANGUAGE_STANDARD = gnu11;
				GCC_NO_COMMON_BLOCKS = YES;
				GCC_WARN_64_TO_32_BIT_CONVERSION = YES;
				GCC_WARN_ABOUT_RETURN_TYPE = YES_ERROR;
				GCC_WARN_UNDECLARED_SELECTOR = YES;
				GCC_WARN_UNINITIALIZED_AUTOS = YES_AGGRESSIVE;
				GCC_WARN_UNUSED_FUNCTION = YES;
				GCC_WARN_UNUSED_VARIABLE = YES;
				IPHONEOS_DEPLOYMENT_TARGET = 14.3;
				MTL_ENABLE_DEBUG_INFO = NO;
				MTL_FAST_MATH = YES;
				SDKROOT = iphoneos;
				SWIFT_COMPILATION_MODE = wholemodule;
				SWIFT_OPTIMIZATION_LEVEL = "-O";
				VALIDATE_PRODUCT = YES;
			};
			name = Release;
		};
		0E08494125BD19FD004CE733 /* Debug */ = {
			isa = XCBuildConfiguration;
			buildSettings = {
				ASSETCATALOG_COMPILER_APPICON_NAME = AppIcon;
				ASSETCATALOG_COMPILER_GLOBAL_ACCENT_COLOR_NAME = AccentColor;
				CODE_SIGN_IDENTITY = "Apple Development";
				CODE_SIGN_STYLE = Automatic;
				DEVELOPMENT_ASSET_PATHS = "\"Peggle/Preview Content\"";
				DEVELOPMENT_TEAM = 9FBN4F9648;
				ENABLE_PREVIEWS = YES;
				INFOPLIST_FILE = Peggle/Info.plist;
				IPHONEOS_DEPLOYMENT_TARGET = 14.0;
				LD_RUNPATH_SEARCH_PATHS = (
					"$(inherited)",
					"@executable_path/Frameworks",
				);
				PRODUCT_BUNDLE_IDENTIFIER = nus.cs3217.seowalex.Peggle;
				PRODUCT_NAME = "$(TARGET_NAME)";
				PROVISIONING_PROFILE_SPECIFIER = "";
				SWIFT_VERSION = 5.0;
				TARGETED_DEVICE_FAMILY = 2;
			};
			name = Debug;
		};
		0E08494225BD19FD004CE733 /* Release */ = {
			isa = XCBuildConfiguration;
			buildSettings = {
				ASSETCATALOG_COMPILER_APPICON_NAME = AppIcon;
				ASSETCATALOG_COMPILER_GLOBAL_ACCENT_COLOR_NAME = AccentColor;
				CODE_SIGN_IDENTITY = "Apple Development";
				CODE_SIGN_STYLE = Automatic;
				DEVELOPMENT_ASSET_PATHS = "\"Peggle/Preview Content\"";
				DEVELOPMENT_TEAM = 9FBN4F9648;
				ENABLE_PREVIEWS = YES;
				INFOPLIST_FILE = Peggle/Info.plist;
				IPHONEOS_DEPLOYMENT_TARGET = 14.0;
				LD_RUNPATH_SEARCH_PATHS = (
					"$(inherited)",
					"@executable_path/Frameworks",
				);
				PRODUCT_BUNDLE_IDENTIFIER = nus.cs3217.seowalex.Peggle;
				PRODUCT_NAME = "$(TARGET_NAME)";
				PROVISIONING_PROFILE_SPECIFIER = "";
				SWIFT_VERSION = 5.0;
				TARGETED_DEVICE_FAMILY = 2;
			};
			name = Release;
		};
		0E08494425BD19FD004CE733 /* Debug */ = {
			isa = XCBuildConfiguration;
			buildSettings = {
				ALWAYS_EMBED_SWIFT_STANDARD_LIBRARIES = YES;
				BUNDLE_LOADER = "$(TEST_HOST)";
				CODE_SIGN_STYLE = Automatic;
				DEVELOPMENT_TEAM = 9FBN4F9648;
				INFOPLIST_FILE = PeggleTests/Info.plist;
				IPHONEOS_DEPLOYMENT_TARGET = 14.0;
				LD_RUNPATH_SEARCH_PATHS = (
					"$(inherited)",
					"@executable_path/Frameworks",
					"@loader_path/Frameworks",
				);
				PRODUCT_BUNDLE_IDENTIFIER = nus.cs3217.PeggleTests;
				PRODUCT_NAME = "$(TARGET_NAME)";
				SWIFT_VERSION = 5.0;
				TARGETED_DEVICE_FAMILY = "1,2";
				TEST_HOST = "$(BUILT_PRODUCTS_DIR)/Peggle.app/Peggle";
			};
			name = Debug;
		};
		0E08494525BD19FD004CE733 /* Release */ = {
			isa = XCBuildConfiguration;
			buildSettings = {
				ALWAYS_EMBED_SWIFT_STANDARD_LIBRARIES = YES;
				BUNDLE_LOADER = "$(TEST_HOST)";
				CODE_SIGN_STYLE = Automatic;
				DEVELOPMENT_TEAM = 9FBN4F9648;
				INFOPLIST_FILE = PeggleTests/Info.plist;
				IPHONEOS_DEPLOYMENT_TARGET = 14.0;
				LD_RUNPATH_SEARCH_PATHS = (
					"$(inherited)",
					"@executable_path/Frameworks",
					"@loader_path/Frameworks",
				);
				PRODUCT_BUNDLE_IDENTIFIER = nus.cs3217.PeggleTests;
				PRODUCT_NAME = "$(TARGET_NAME)";
				SWIFT_VERSION = 5.0;
				TARGETED_DEVICE_FAMILY = "1,2";
				TEST_HOST = "$(BUILT_PRODUCTS_DIR)/Peggle.app/Peggle";
			};
			name = Release;
		};
/* End XCBuildConfiguration section */

/* Begin XCConfigurationList section */
		0E08491625BD19F9004CE733 /* Build configuration list for PBXProject "Peggle" */ = {
			isa = XCConfigurationList;
			buildConfigurations = (
				0E08493E25BD19FD004CE733 /* Debug */,
				0E08493F25BD19FD004CE733 /* Release */,
			);
			defaultConfigurationIsVisible = 0;
			defaultConfigurationName = Release;
		};
		0E08494025BD19FD004CE733 /* Build configuration list for PBXNativeTarget "Peggle" */ = {
			isa = XCConfigurationList;
			buildConfigurations = (
				0E08494125BD19FD004CE733 /* Debug */,
				0E08494225BD19FD004CE733 /* Release */,
			);
			defaultConfigurationIsVisible = 0;
			defaultConfigurationName = Release;
		};
		0E08494325BD19FD004CE733 /* Build configuration list for PBXNativeTarget "PeggleTests" */ = {
			isa = XCConfigurationList;
			buildConfigurations = (
				0E08494425BD19FD004CE733 /* Debug */,
				0E08494525BD19FD004CE733 /* Release */,
			);
			defaultConfigurationIsVisible = 0;
			defaultConfigurationName = Release;
		};
/* End XCConfigurationList section */

/* Begin XCRemoteSwiftPackageReference section */
		0E08495325BD2680004CE733 /* XCRemoteSwiftPackageReference "GRDB.swift" */ = {
			isa = XCRemoteSwiftPackageReference;
			repositoryURL = "https://github.com/groue/GRDB.swift.git";
			requirement = {
				kind = upToNextMajorVersion;
				minimumVersion = 5.3.0;
			};
		};
/* End XCRemoteSwiftPackageReference section */

/* Begin XCSwiftPackageProductDependency section */
		0E08495425BD2680004CE733 /* GRDB */ = {
			isa = XCSwiftPackageProductDependency;
			package = 0E08495325BD2680004CE733 /* XCRemoteSwiftPackageReference "GRDB.swift" */;
			productName = GRDB;
		};
/* End XCSwiftPackageProductDependency section */
	};
	rootObject = 0E08491325BD19F9004CE733 /* Project object */;
}
